
Microsoft Visual Studio Solution File, Format Version 12.00
# Visual Studio Version 17
VisualStudioVersion = 17.3.32929.385
MinimumVisualStudioVersion = 10.0.40219.1
Project("{FAE04EC0-301F-11D3-BF4B-00C04F79EFBC}") = "Overriding", "Overriding\Overriding.csproj", "{253B7F71-9E58-4DEB-80C7-612CDB17AD97}"
EndProject
Global
	GlobalSection(SolutionConfigurationPlatforms) = preSolution
		Debug|Any CPU = Debug|Any CPU
		Release|Any CPU = Release|Any CPU
	EndGlobalSection
	GlobalSection(ProjectConfigurationPlatforms) = postSolution
		{253B7F71-9E58-4DEB-80C7-612CDB17AD97}.Debug|Any CPU.ActiveCfg = Debug|Any CPU
		{253B7F71-9E58-4DEB-80C7-612CDB17AD97}.Debug|Any CPU.Build.0 = Debug|Any CPU
		{253B7F71-9E58-4DEB-80C7-612CDB17AD97}.Release|Any CPU.ActiveCfg = Release|Any CPU
		{253B7F71-9E58-4DEB-80C7-612CDB17AD97}.Release|Any CPU.Build.0 = Release|Any CPU
	EndGlobalSection
	GlobalSection(SolutionProperties) = preSolution
		HideSolutionNode = FALSE
	EndGlobalSection
	GlobalSection(ExtensibilityGlobals) = postSolution
		SolutionGuid = {9F529D87-A0E1-4B5A-8CD9-F897AED07ABA}
	EndGlobalSection
EndGlobal
