
Microsoft Visual Studio Solution File, Format Version 12.00
# Visual Studio Version 17
VisualStudioVersion = 17.3.32929.385
MinimumVisualStudioVersion = 10.0.40219.1
Project("{FAE04EC0-301F-11D3-BF4B-00C04F79EFBC}") = "Extension method Assignment 2", "Extension method Assignment 2\Extension method Assignment 2.csproj", "{8FD874E1-09AA-42BD-890C-61040A199D33}"
EndProject
Global
	GlobalSection(SolutionConfigurationPlatforms) = preSolution
		Debug|Any CPU = Debug|Any CPU
		Release|Any CPU = Release|Any CPU
	EndGlobalSection
	GlobalSection(ProjectConfigurationPlatforms) = postSolution
		{8FD874E1-09AA-42BD-890C-61040A199D33}.Debug|Any CPU.ActiveCfg = Debug|Any CPU
		{8FD874E1-09AA-42BD-890C-61040A199D33}.Debug|Any CPU.Build.0 = Debug|Any CPU
		{8FD874E1-09AA-42BD-890C-61040A199D33}.Release|Any CPU.ActiveCfg = Release|Any CPU
		{8FD874E1-09AA-42BD-890C-61040A199D33}.Release|Any CPU.Build.0 = Release|Any CPU
	EndGlobalSection
	GlobalSection(SolutionProperties) = preSolution
		HideSolutionNode = FALSE
	EndGlobalSection
	GlobalSection(ExtensibilityGlobals) = postSolution
		SolutionGuid = {54D91BFF-C9BA-4409-8CD0-3A4A30A2DD44}
	EndGlobalSection
EndGlobal
