
Microsoft Visual Studio Solution File, Format Version 12.00
# Visual Studio Version 17
VisualStudioVersion = 17.3.32929.385
MinimumVisualStudioVersion = 10.0.40219.1
Project("{FAE04EC0-301F-11D3-BF4B-00C04F79EFBC}") = "GroupingQuery", "GroupingQuer\GroupingQuery.csproj", "{D196719B-DA80-4599-9B80-8A928591F698}"
EndProject
Global
	GlobalSection(SolutionConfigurationPlatforms) = preSolution
		Debug|Any CPU = Debug|Any CPU
		Release|Any CPU = Release|Any CPU
	EndGlobalSection
	GlobalSection(ProjectConfigurationPlatforms) = postSolution
		{D196719B-DA80-4599-9B80-8A928591F698}.Debug|Any CPU.ActiveCfg = Debug|Any CPU
		{D196719B-DA80-4599-9B80-8A928591F698}.Debug|Any CPU.Build.0 = Debug|Any CPU
		{D196719B-DA80-4599-9B80-8A928591F698}.Release|Any CPU.ActiveCfg = Release|Any CPU
		{D196719B-DA80-4599-9B80-8A928591F698}.Release|Any CPU.Build.0 = Release|Any CPU
	EndGlobalSection
	GlobalSection(SolutionProperties) = preSolution
		HideSolutionNode = FALSE
	EndGlobalSection
	GlobalSection(ExtensibilityGlobals) = postSolution
		SolutionGuid = {ADF0E701-7EFE-45E5-9DAC-71DA13461FD8}
	EndGlobalSection
EndGlobal
