
Microsoft Visual Studio Solution File, Format Version 12.00
# Visual Studio Version 17
VisualStudioVersion = 17.3.32929.385
MinimumVisualStudioVersion = 10.0.40219.1
Project("{FAE04EC0-301F-11D3-BF4B-00C04F79EFBC}") = "Program 8", "Program 8\Program 8.csproj", "{67528DE9-6DEA-4895-AD3A-170F8BABCB71}"
EndProject
Global
	GlobalSection(SolutionConfigurationPlatforms) = preSolution
		Debug|Any CPU = Debug|Any CPU
		Release|Any CPU = Release|Any CPU
	EndGlobalSection
	GlobalSection(ProjectConfigurationPlatforms) = postSolution
		{67528DE9-6DEA-4895-AD3A-170F8BABCB71}.Debug|Any CPU.ActiveCfg = Debug|Any CPU
		{67528DE9-6DEA-4895-AD3A-170F8BABCB71}.Debug|Any CPU.Build.0 = Debug|Any CPU
		{67528DE9-6DEA-4895-AD3A-170F8BABCB71}.Release|Any CPU.ActiveCfg = Release|Any CPU
		{67528DE9-6DEA-4895-AD3A-170F8BABCB71}.Release|Any CPU.Build.0 = Release|Any CPU
	EndGlobalSection
	GlobalSection(SolutionProperties) = preSolution
		HideSolutionNode = FALSE
	EndGlobalSection
	GlobalSection(ExtensibilityGlobals) = postSolution
		SolutionGuid = {00C00A35-E702-4232-96A6-157EFCF86CC4}
	EndGlobalSection
EndGlobal
