
Microsoft Visual Studio Solution File, Format Version 12.00
# Visual Studio Version 17
VisualStudioVersion = 17.3.32929.385
MinimumVisualStudioVersion = 10.0.40219.1
Project("{FAE04EC0-301F-11D3-BF4B-00C04F79EFBC}") = "Program 4", "Program 4\Program 4.csproj", "{586BFA6E-EFBA-4B23-B6A0-3AEAE60457AA}"
EndProject
Global
	GlobalSection(SolutionConfigurationPlatforms) = preSolution
		Debug|Any CPU = Debug|Any CPU
		Release|Any CPU = Release|Any CPU
	EndGlobalSection
	GlobalSection(ProjectConfigurationPlatforms) = postSolution
		{586BFA6E-EFBA-4B23-B6A0-3AEAE60457AA}.Debug|Any CPU.ActiveCfg = Debug|Any CPU
		{586BFA6E-EFBA-4B23-B6A0-3AEAE60457AA}.Debug|Any CPU.Build.0 = Debug|Any CPU
		{586BFA6E-EFBA-4B23-B6A0-3AEAE60457AA}.Release|Any CPU.ActiveCfg = Release|Any CPU
		{586BFA6E-EFBA-4B23-B6A0-3AEAE60457AA}.Release|Any CPU.Build.0 = Release|Any CPU
	EndGlobalSection
	GlobalSection(SolutionProperties) = preSolution
		HideSolutionNode = FALSE
	EndGlobalSection
	GlobalSection(ExtensibilityGlobals) = postSolution
		SolutionGuid = {3C93D1E8-1ECE-47B3-898C-DCA15D44F8CF}
	EndGlobalSection
EndGlobal
