
Microsoft Visual Studio Solution File, Format Version 12.00
# Visual Studio Version 17
VisualStudioVersion = 17.3.32929.385
MinimumVisualStudioVersion = 10.0.40219.1
Project("{FAE04EC0-301F-11D3-BF4B-00C04F79EFBC}") = "Program 17", "Program 17\Program 17.csproj", "{CC1E4061-672E-4058-BBBD-7494CC026630}"
EndProject
Global
	GlobalSection(SolutionConfigurationPlatforms) = preSolution
		Debug|Any CPU = Debug|Any CPU
		Release|Any CPU = Release|Any CPU
	EndGlobalSection
	GlobalSection(ProjectConfigurationPlatforms) = postSolution
		{CC1E4061-672E-4058-BBBD-7494CC026630}.Debug|Any CPU.ActiveCfg = Debug|Any CPU
		{CC1E4061-672E-4058-BBBD-7494CC026630}.Debug|Any CPU.Build.0 = Debug|Any CPU
		{CC1E4061-672E-4058-BBBD-7494CC026630}.Release|Any CPU.ActiveCfg = Release|Any CPU
		{CC1E4061-672E-4058-BBBD-7494CC026630}.Release|Any CPU.Build.0 = Release|Any CPU
	EndGlobalSection
	GlobalSection(SolutionProperties) = preSolution
		HideSolutionNode = FALSE
	EndGlobalSection
	GlobalSection(ExtensibilityGlobals) = postSolution
		SolutionGuid = {D4BAB554-BD9C-49E1-AB4E-CE175BC51336}
	EndGlobalSection
EndGlobal
