
Microsoft Visual Studio Solution File, Format Version 12.00
# Visual Studio Version 17
VisualStudioVersion = 17.3.32929.385
MinimumVisualStudioVersion = 10.0.40219.1
Project("{FAE04EC0-301F-11D3-BF4B-00C04F79EFBC}") = "SelectionQuery", "SelectionQuery\SelectionQuery.csproj", "{F3DB7EF4-7CF9-470B-8CFF-267FFE805515}"
EndProject
Global
	GlobalSection(SolutionConfigurationPlatforms) = preSolution
		Debug|Any CPU = Debug|Any CPU
		Release|Any CPU = Release|Any CPU
	EndGlobalSection
	GlobalSection(ProjectConfigurationPlatforms) = postSolution
		{F3DB7EF4-7CF9-470B-8CFF-267FFE805515}.Debug|Any CPU.ActiveCfg = Debug|Any CPU
		{F3DB7EF4-7CF9-470B-8CFF-267FFE805515}.Debug|Any CPU.Build.0 = Debug|Any CPU
		{F3DB7EF4-7CF9-470B-8CFF-267FFE805515}.Release|Any CPU.ActiveCfg = Release|Any CPU
		{F3DB7EF4-7CF9-470B-8CFF-267FFE805515}.Release|Any CPU.Build.0 = Release|Any CPU
	EndGlobalSection
	GlobalSection(SolutionProperties) = preSolution
		HideSolutionNode = FALSE
	EndGlobalSection
	GlobalSection(ExtensibilityGlobals) = postSolution
		SolutionGuid = {7C20CCA9-D0EB-4819-825A-360ECBB61BFD}
	EndGlobalSection
EndGlobal
