
Microsoft Visual Studio Solution File, Format Version 12.00
# Visual Studio Version 17
VisualStudioVersion = 17.3.32929.385
MinimumVisualStudioVersion = 10.0.40219.1
Project("{FAE04EC0-301F-11D3-BF4B-00C04F79EFBC}") = "Program 19", "Program 19\Program 19.csproj", "{69E6C0C3-B178-48A6-A7CC-4E7178CEC976}"
EndProject
Global
	GlobalSection(SolutionConfigurationPlatforms) = preSolution
		Debug|Any CPU = Debug|Any CPU
		Release|Any CPU = Release|Any CPU
	EndGlobalSection
	GlobalSection(ProjectConfigurationPlatforms) = postSolution
		{69E6C0C3-B178-48A6-A7CC-4E7178CEC976}.Debug|Any CPU.ActiveCfg = Debug|Any CPU
		{69E6C0C3-B178-48A6-A7CC-4E7178CEC976}.Debug|Any CPU.Build.0 = Debug|Any CPU
		{69E6C0C3-B178-48A6-A7CC-4E7178CEC976}.Release|Any CPU.ActiveCfg = Release|Any CPU
		{69E6C0C3-B178-48A6-A7CC-4E7178CEC976}.Release|Any CPU.Build.0 = Release|Any CPU
	EndGlobalSection
	GlobalSection(SolutionProperties) = preSolution
		HideSolutionNode = FALSE
	EndGlobalSection
	GlobalSection(ExtensibilityGlobals) = postSolution
		SolutionGuid = {F64404A1-62B9-4B06-AB7E-935C1B062F8D}
	EndGlobalSection
EndGlobal
