
Microsoft Visual Studio Solution File, Format Version 12.00
# Visual Studio Version 17
VisualStudioVersion = 17.9.34622.214
MinimumVisualStudioVersion = 10.0.40219.1
Project("{FAE04EC0-301F-11D3-BF4B-00C04F79EFBC}") = "DataAnnotationExample", "DataAnnotationExample\DataAnnotationExample.csproj", "{70540EAE-43F1-47BF-AA75-E74F609869AB}"
EndProject
Global
	GlobalSection(SolutionConfigurationPlatforms) = preSolution
		Debug|Any CPU = Debug|Any CPU
		Release|Any CPU = Release|Any CPU
	EndGlobalSection
	GlobalSection(ProjectConfigurationPlatforms) = postSolution
		{70540EAE-43F1-47BF-AA75-E74F609869AB}.Debug|Any CPU.ActiveCfg = Debug|Any CPU
		{70540EAE-43F1-47BF-AA75-E74F609869AB}.Debug|Any CPU.Build.0 = Debug|Any CPU
		{70540EAE-43F1-47BF-AA75-E74F609869AB}.Release|Any CPU.ActiveCfg = Release|Any CPU
		{70540EAE-43F1-47BF-AA75-E74F609869AB}.Release|Any CPU.Build.0 = Release|Any CPU
	EndGlobalSection
	GlobalSection(SolutionProperties) = preSolution
		HideSolutionNode = FALSE
	EndGlobalSection
	GlobalSection(ExtensibilityGlobals) = postSolution
		SolutionGuid = {A530645D-6D43-494D-886D-3E66F3EB842F}
	EndGlobalSection
EndGlobal
