
Microsoft Visual Studio Solution File, Format Version 12.00
# Visual Studio Version 17
VisualStudioVersion = 17.9.34622.214
MinimumVisualStudioVersion = 10.0.40219.1
Project("{FAE04EC0-301F-11D3-BF4B-00C04F79EFBC}") = "AuthorizationExample", "AuthorizationExample\AuthorizationExample.csproj", "{167106C2-10D0-4AE1-BDDA-9C5C8FAE5674}"
EndProject
Global
	GlobalSection(SolutionConfigurationPlatforms) = preSolution
		Debug|Any CPU = Debug|Any CPU
		Release|Any CPU = Release|Any CPU
	EndGlobalSection
	GlobalSection(ProjectConfigurationPlatforms) = postSolution
		{167106C2-10D0-4AE1-BDDA-9C5C8FAE5674}.Debug|Any CPU.ActiveCfg = Debug|Any CPU
		{167106C2-10D0-4AE1-BDDA-9C5C8FAE5674}.Debug|Any CPU.Build.0 = Debug|Any CPU
		{167106C2-10D0-4AE1-BDDA-9C5C8FAE5674}.Release|Any CPU.ActiveCfg = Release|Any CPU
		{167106C2-10D0-4AE1-BDDA-9C5C8FAE5674}.Release|Any CPU.Build.0 = Release|Any CPU
	EndGlobalSection
	GlobalSection(SolutionProperties) = preSolution
		HideSolutionNode = FALSE
	EndGlobalSection
	GlobalSection(ExtensibilityGlobals) = postSolution
		SolutionGuid = {080E9A02-AD30-473E-823E-8055B9ADDF77}
	EndGlobalSection
EndGlobal
