
Microsoft Visual Studio Solution File, Format Version 12.00
# Visual Studio Version 17
VisualStudioVersion = 17.3.32929.385
MinimumVisualStudioVersion = 10.0.40219.1
Project("{FAE04EC0-301F-11D3-BF4B-00C04F79EFBC}") = "Program 13", "Program 13\Program 13.csproj", "{F1A56CE3-89E6-450C-B010-C672A8AA11E7}"
EndProject
Global
	GlobalSection(SolutionConfigurationPlatforms) = preSolution
		Debug|Any CPU = Debug|Any CPU
		Release|Any CPU = Release|Any CPU
	EndGlobalSection
	GlobalSection(ProjectConfigurationPlatforms) = postSolution
		{F1A56CE3-89E6-450C-B010-C672A8AA11E7}.Debug|Any CPU.ActiveCfg = Debug|Any CPU
		{F1A56CE3-89E6-450C-B010-C672A8AA11E7}.Debug|Any CPU.Build.0 = Debug|Any CPU
		{F1A56CE3-89E6-450C-B010-C672A8AA11E7}.Release|Any CPU.ActiveCfg = Release|Any CPU
		{F1A56CE3-89E6-450C-B010-C672A8AA11E7}.Release|Any CPU.Build.0 = Release|Any CPU
	EndGlobalSection
	GlobalSection(SolutionProperties) = preSolution
		HideSolutionNode = FALSE
	EndGlobalSection
	GlobalSection(ExtensibilityGlobals) = postSolution
		SolutionGuid = {A3F373DE-CBC5-40C8-B893-7AAB15AD64A5}
	EndGlobalSection
EndGlobal
