
Microsoft Visual Studio Solution File, Format Version 12.00
# Visual Studio Version 17
VisualStudioVersion = 17.9.34622.214
MinimumVisualStudioVersion = 10.0.40219.1
Project("{FAE04EC0-301F-11D3-BF4B-00C04F79EFBC}") = "AttributeRoutingExample", "AttributeRoutingExample\AttributeRoutingExample.csproj", "{25D5F078-FCB0-49B3-BD07-389DA0935531}"
EndProject
Global
	GlobalSection(SolutionConfigurationPlatforms) = preSolution
		Debug|Any CPU = Debug|Any CPU
		Release|Any CPU = Release|Any CPU
	EndGlobalSection
	GlobalSection(ProjectConfigurationPlatforms) = postSolution
		{25D5F078-FCB0-49B3-BD07-389DA0935531}.Debug|Any CPU.ActiveCfg = Debug|Any CPU
		{25D5F078-FCB0-49B3-BD07-389DA0935531}.Debug|Any CPU.Build.0 = Debug|Any CPU
		{25D5F078-FCB0-49B3-BD07-389DA0935531}.Release|Any CPU.ActiveCfg = Release|Any CPU
		{25D5F078-FCB0-49B3-BD07-389DA0935531}.Release|Any CPU.Build.0 = Release|Any CPU
	EndGlobalSection
	GlobalSection(SolutionProperties) = preSolution
		HideSolutionNode = FALSE
	EndGlobalSection
	GlobalSection(ExtensibilityGlobals) = postSolution
		SolutionGuid = {087FA823-9BB3-4C34-A4C2-27268E9314EE}
	EndGlobalSection
EndGlobal
