
Microsoft Visual Studio Solution File, Format Version 12.00
# Visual Studio Version 17
VisualStudioVersion = 17.3.32929.385
MinimumVisualStudioVersion = 10.0.40219.1
Project("{FAE04EC0-301F-11D3-BF4B-00C04F79EFBC}") = "ExamPractice", "ExamPractice\ExamPractice.csproj", "{2E21930E-76E4-4F7A-B88C-88C02B1A1B39}"
EndProject
Global
	GlobalSection(SolutionConfigurationPlatforms) = preSolution
		Debug|Any CPU = Debug|Any CPU
		Release|Any CPU = Release|Any CPU
	EndGlobalSection
	GlobalSection(ProjectConfigurationPlatforms) = postSolution
		{2E21930E-76E4-4F7A-B88C-88C02B1A1B39}.Debug|Any CPU.ActiveCfg = Debug|Any CPU
		{2E21930E-76E4-4F7A-B88C-88C02B1A1B39}.Debug|Any CPU.Build.0 = Debug|Any CPU
		{2E21930E-76E4-4F7A-B88C-88C02B1A1B39}.Release|Any CPU.ActiveCfg = Release|Any CPU
		{2E21930E-76E4-4F7A-B88C-88C02B1A1B39}.Release|Any CPU.Build.0 = Release|Any CPU
	EndGlobalSection
	GlobalSection(SolutionProperties) = preSolution
		HideSolutionNode = FALSE
	EndGlobalSection
	GlobalSection(ExtensibilityGlobals) = postSolution
		SolutionGuid = {8BE4A83A-E089-404F-B834-4401BBB3E8C6}
	EndGlobalSection
EndGlobal
