
Microsoft Visual Studio Solution File, Format Version 12.00
# Visual Studio Version 17
VisualStudioVersion = 17.3.32929.385
MinimumVisualStudioVersion = 10.0.40219.1
Project("{FAE04EC0-301F-11D3-BF4B-00C04F79EFBC}") = "Property Short Syntax", "Property Short Syntax\Property Short Syntax.csproj", "{94320017-D93D-472C-8DF8-FE50CD19FC5B}"
EndProject
Global
	GlobalSection(SolutionConfigurationPlatforms) = preSolution
		Debug|Any CPU = Debug|Any CPU
		Release|Any CPU = Release|Any CPU
	EndGlobalSection
	GlobalSection(ProjectConfigurationPlatforms) = postSolution
		{94320017-D93D-472C-8DF8-FE50CD19FC5B}.Debug|Any CPU.ActiveCfg = Debug|Any CPU
		{94320017-D93D-472C-8DF8-FE50CD19FC5B}.Debug|Any CPU.Build.0 = Debug|Any CPU
		{94320017-D93D-472C-8DF8-FE50CD19FC5B}.Release|Any CPU.ActiveCfg = Release|Any CPU
		{94320017-D93D-472C-8DF8-FE50CD19FC5B}.Release|Any CPU.Build.0 = Release|Any CPU
	EndGlobalSection
	GlobalSection(SolutionProperties) = preSolution
		HideSolutionNode = FALSE
	EndGlobalSection
	GlobalSection(ExtensibilityGlobals) = postSolution
		SolutionGuid = {6173B2EE-A231-4579-A6E8-FCE1C782445B}
	EndGlobalSection
EndGlobal
