
Microsoft Visual Studio Solution File, Format Version 12.00
# Visual Studio Version 17
VisualStudioVersion = 17.9.34622.214
MinimumVisualStudioVersion = 10.0.40219.1
Project("{FAE04EC0-301F-11D3-BF4B-00C04F79EFBC}") = "DBFirstExampleCURD1", "DBFirstExampleCURD1\DBFirstExampleCURD1.csproj", "{A81F9FDE-DC79-4463-825E-E5325CE6995E}"
EndProject
Global
	GlobalSection(SolutionConfigurationPlatforms) = preSolution
		Debug|Any CPU = Debug|Any CPU
		Release|Any CPU = Release|Any CPU
	EndGlobalSection
	GlobalSection(ProjectConfigurationPlatforms) = postSolution
		{A81F9FDE-DC79-4463-825E-E5325CE6995E}.Debug|Any CPU.ActiveCfg = Debug|Any CPU
		{A81F9FDE-DC79-4463-825E-E5325CE6995E}.Debug|Any CPU.Build.0 = Debug|Any CPU
		{A81F9FDE-DC79-4463-825E-E5325CE6995E}.Release|Any CPU.ActiveCfg = Release|Any CPU
		{A81F9FDE-DC79-4463-825E-E5325CE6995E}.Release|Any CPU.Build.0 = Release|Any CPU
	EndGlobalSection
	GlobalSection(SolutionProperties) = preSolution
		HideSolutionNode = FALSE
	EndGlobalSection
	GlobalSection(ExtensibilityGlobals) = postSolution
		SolutionGuid = {CF452499-2472-4611-B161-EE023B977776}
	EndGlobalSection
EndGlobal
