
Microsoft Visual Studio Solution File, Format Version 12.00
# Visual Studio Version 17
VisualStudioVersion = 17.3.32929.385
MinimumVisualStudioVersion = 10.0.40219.1
Project("{FAE04EC0-301F-11D3-BF4B-00C04F79EFBC}") = "Assignment - collection", "Assignment - collection\Assignment - collection.csproj", "{6ABDAF7E-F063-41EB-925D-755AF233AB03}"
EndProject
Global
	GlobalSection(SolutionConfigurationPlatforms) = preSolution
		Debug|Any CPU = Debug|Any CPU
		Release|Any CPU = Release|Any CPU
	EndGlobalSection
	GlobalSection(ProjectConfigurationPlatforms) = postSolution
		{6ABDAF7E-F063-41EB-925D-755AF233AB03}.Debug|Any CPU.ActiveCfg = Debug|Any CPU
		{6ABDAF7E-F063-41EB-925D-755AF233AB03}.Debug|Any CPU.Build.0 = Debug|Any CPU
		{6ABDAF7E-F063-41EB-925D-755AF233AB03}.Release|Any CPU.ActiveCfg = Release|Any CPU
		{6ABDAF7E-F063-41EB-925D-755AF233AB03}.Release|Any CPU.Build.0 = Release|Any CPU
	EndGlobalSection
	GlobalSection(SolutionProperties) = preSolution
		HideSolutionNode = FALSE
	EndGlobalSection
	GlobalSection(ExtensibilityGlobals) = postSolution
		SolutionGuid = {91931D43-C6CB-40EC-BC43-51F293C2784C}
	EndGlobalSection
EndGlobal
