
Microsoft Visual Studio Solution File, Format Version 12.00
# Visual Studio Version 17
VisualStudioVersion = 17.9.34622.214
MinimumVisualStudioVersion = 10.0.40219.1
Project("{FAE04EC0-301F-11D3-BF4B-00C04F79EFBC}") = "BuiltinFilterExample", "BuiltinFilterExample\BuiltinFilterExample.csproj", "{1D4762DB-EBF8-4834-8107-407E907A7DC1}"
EndProject
Global
	GlobalSection(SolutionConfigurationPlatforms) = preSolution
		Debug|Any CPU = Debug|Any CPU
		Release|Any CPU = Release|Any CPU
	EndGlobalSection
	GlobalSection(ProjectConfigurationPlatforms) = postSolution
		{1D4762DB-EBF8-4834-8107-407E907A7DC1}.Debug|Any CPU.ActiveCfg = Debug|Any CPU
		{1D4762DB-EBF8-4834-8107-407E907A7DC1}.Debug|Any CPU.Build.0 = Debug|Any CPU
		{1D4762DB-EBF8-4834-8107-407E907A7DC1}.Release|Any CPU.ActiveCfg = Release|Any CPU
		{1D4762DB-EBF8-4834-8107-407E907A7DC1}.Release|Any CPU.Build.0 = Release|Any CPU
	EndGlobalSection
	GlobalSection(SolutionProperties) = preSolution
		HideSolutionNode = FALSE
	EndGlobalSection
	GlobalSection(ExtensibilityGlobals) = postSolution
		SolutionGuid = {0B61120D-FFF0-4AE6-AD9A-434C3A1965D0}
	EndGlobalSection
EndGlobal
