
Microsoft Visual Studio Solution File, Format Version 12.00
# Visual Studio Version 17
VisualStudioVersion = 17.9.34723.18
MinimumVisualStudioVersion = 10.0.40219.1
Project("{FAE04EC0-301F-11D3-BF4B-00C04F79EFBC}") = "core", "core\core.csproj", "{1562F15D-7745-42C4-B6B4-0F0E815675B8}"
EndProject
Project("{FAE04EC0-301F-11D3-BF4B-00C04F79EFBC}") = "entity", "entity\entity.csproj", "{9C77657E-7502-4CE0-A253-64D6872D0D6A}"
EndProject
Project("{FAE04EC0-301F-11D3-BF4B-00C04F79EFBC}") = "web", "web\web.csproj", "{385608B1-5C85-4E46-B50B-B9889E217C15}"
EndProject
Global
	GlobalSection(SolutionConfigurationPlatforms) = preSolution
		Debug|Any CPU = Debug|Any CPU
		Release|Any CPU = Release|Any CPU
	EndGlobalSection
	GlobalSection(ProjectConfigurationPlatforms) = postSolution
		{1562F15D-7745-42C4-B6B4-0F0E815675B8}.Debug|Any CPU.ActiveCfg = Debug|Any CPU
		{1562F15D-7745-42C4-B6B4-0F0E815675B8}.Debug|Any CPU.Build.0 = Debug|Any CPU
		{1562F15D-7745-42C4-B6B4-0F0E815675B8}.Release|Any CPU.ActiveCfg = Release|Any CPU
		{1562F15D-7745-42C4-B6B4-0F0E815675B8}.Release|Any CPU.Build.0 = Release|Any CPU
		{9C77657E-7502-4CE0-A253-64D6872D0D6A}.Debug|Any CPU.ActiveCfg = Debug|Any CPU
		{9C77657E-7502-4CE0-A253-64D6872D0D6A}.Debug|Any CPU.Build.0 = Debug|Any CPU
		{9C77657E-7502-4CE0-A253-64D6872D0D6A}.Release|Any CPU.ActiveCfg = Release|Any CPU
		{9C77657E-7502-4CE0-A253-64D6872D0D6A}.Release|Any CPU.Build.0 = Release|Any CPU
		{385608B1-5C85-4E46-B50B-B9889E217C15}.Debug|Any CPU.ActiveCfg = Debug|Any CPU
		{385608B1-5C85-4E46-B50B-B9889E217C15}.Debug|Any CPU.Build.0 = Debug|Any CPU
		{385608B1-5C85-4E46-B50B-B9889E217C15}.Release|Any CPU.ActiveCfg = Release|Any CPU
		{385608B1-5C85-4E46-B50B-B9889E217C15}.Release|Any CPU.Build.0 = Release|Any CPU
	EndGlobalSection
	GlobalSection(SolutionProperties) = preSolution
		HideSolutionNode = FALSE
	EndGlobalSection
	GlobalSection(ExtensibilityGlobals) = postSolution
		SolutionGuid = {AAFC4595-545E-4FE2-AD0C-355607CBF87A}
	EndGlobalSection
EndGlobal
