
Microsoft Visual Studio Solution File, Format Version 12.00
# Visual Studio Version 17
VisualStudioVersion = 17.3.32929.385
MinimumVisualStudioVersion = 10.0.40219.1
Project("{FAE04EC0-301F-11D3-BF4B-00C04F79EFBC}") = "Runtime polymorphism Ex1", "Runtime polymorphism Ex1\Runtime polymorphism Ex1.csproj", "{172FB71B-85E2-431A-8E7E-9B64BFE006E8}"
EndProject
Global
	GlobalSection(SolutionConfigurationPlatforms) = preSolution
		Debug|Any CPU = Debug|Any CPU
		Release|Any CPU = Release|Any CPU
	EndGlobalSection
	GlobalSection(ProjectConfigurationPlatforms) = postSolution
		{172FB71B-85E2-431A-8E7E-9B64BFE006E8}.Debug|Any CPU.ActiveCfg = Debug|Any CPU
		{172FB71B-85E2-431A-8E7E-9B64BFE006E8}.Debug|Any CPU.Build.0 = Debug|Any CPU
		{172FB71B-85E2-431A-8E7E-9B64BFE006E8}.Release|Any CPU.ActiveCfg = Release|Any CPU
		{172FB71B-85E2-431A-8E7E-9B64BFE006E8}.Release|Any CPU.Build.0 = Release|Any CPU
	EndGlobalSection
	GlobalSection(SolutionProperties) = preSolution
		HideSolutionNode = FALSE
	EndGlobalSection
	GlobalSection(ExtensibilityGlobals) = postSolution
		SolutionGuid = {9D654907-67F9-427F-8D73-6EF0F1605F5A}
	EndGlobalSection
EndGlobal
